// !$*UTF8*$!
{
	archiveVersion = 1;
	classes = {
	};
	objectVersion = 46;
	objects = {

/* Begin PBXBuildFile section */
		10FAD9021CAAC1EA00BAAD5D /* AppDelegate.swift in Sources */ = {isa = PBXBuildFile; fileRef = 10FAD9011CAAC1EA00BAAD5D /* AppDelegate.swift */; };
		10FAD9041CAAC1EA00BAAD5D /* GUUsersViewController.swift in Sources */ = {isa = PBXBuildFile; fileRef = 10FAD9031CAAC1EA00BAAD5D /* GUUsersViewController.swift */; };
		10FAD9071CAAC1EA00BAAD5D /* Main.storyboard in Resources */ = {isa = PBXBuildFile; fileRef = 10FAD9051CAAC1EA00BAAD5D /* Main.storyboard */; };
		10FAD9091CAAC1EA00BAAD5D /* Assets.xcassets in Resources */ = {isa = PBXBuildFile; fileRef = 10FAD9081CAAC1EA00BAAD5D /* Assets.xcassets */; };
		10FAD90C1CAAC1EA00BAAD5D /* LaunchScreen.storyboard in Resources */ = {isa = PBXBuildFile; fileRef = 10FAD90A1CAAC1EA00BAAD5D /* LaunchScreen.storyboard */; };
		10FAD9181CAAC34C00BAAD5D /* GUGetUsersOperation.swift in Sources */ = {isa = PBXBuildFile; fileRef = 10FAD9141CAAC34C00BAAD5D /* GUGetUsersOperation.swift */; };
		10FAD9191CAAC34C00BAAD5D /* GUNetworkOperation.swift in Sources */ = {isa = PBXBuildFile; fileRef = 10FAD9151CAAC34C00BAAD5D /* GUNetworkOperation.swift */; };
		10FAD91A1CAAC34C00BAAD5D /* GUOperation.swift in Sources */ = {isa = PBXBuildFile; fileRef = 10FAD9161CAAC34C00BAAD5D /* GUOperation.swift */; };
		10FAD91B1CAAC34C00BAAD5D /* GUApiOperation.swift in Sources */ = {isa = PBXBuildFile; fileRef = 10FAD9171CAAC34C00BAAD5D /* GUApiOperation.swift */; };
		10FAD9211CAAC63800BAAD5D /* GUActivityIndicatorManager.swift in Sources */ = {isa = PBXBuildFile; fileRef = 10FAD91F1CAAC63800BAAD5D /* GUActivityIndicatorManager.swift */; };
		10FAD9221CAAC63800BAAD5D /* GUImageCache.swift in Sources */ = {isa = PBXBuildFile; fileRef = 10FAD9201CAAC63800BAAD5D /* GUImageCache.swift */; };
		10FAD9251CAAD2CA00BAAD5D /* NSError+GitUsers.swift in Sources */ = {isa = PBXBuildFile; fileRef = 10FAD9241CAAD2CA00BAAD5D /* NSError+GitUsers.swift */; };
		10FAD9281CAAD76200BAAD5D /* GUUser.swift in Sources */ = {isa = PBXBuildFile; fileRef = 10FAD9271CAAD76200BAAD5D /* GUUser.swift */; };
		10FAD92A1CAADA0D00BAAD5D /* GUGetImageOperation.swift in Sources */ = {isa = PBXBuildFile; fileRef = 10FAD9291CAADA0D00BAAD5D /* GUGetImageOperation.swift */; };
		10FAD92D1CABF03100BAAD5D /* GULoadingCell.swift in Sources */ = {isa = PBXBuildFile; fileRef = 10FAD92B1CABF03100BAAD5D /* GULoadingCell.swift */; };
		10FAD92E1CABF03100BAAD5D /* GUUserCell.swift in Sources */ = {isa = PBXBuildFile; fileRef = 10FAD92C1CABF03100BAAD5D /* GUUserCell.swift */; };
/* End PBXBuildFile section */

/* Begin PBXFileReference section */
		10FAD8FE1CAAC1EA00BAAD5D /* GitUsersTest.app */ = {isa = PBXFileReference; explicitFileType = wrapper.application; includeInIndex = 0; path = GitUsersTest.app; sourceTree = BUILT_PRODUCTS_DIR; };
		10FAD9011CAAC1EA00BAAD5D /* AppDelegate.swift */ = {isa = PBXFileReference; lastKnownFileType = sourcecode.swift; path = AppDelegate.swift; sourceTree = "<group>"; };
		10FAD9031CAAC1EA00BAAD5D /* GUUsersViewController.swift */ = {isa = PBXFileReference; lastKnownFileType = sourcecode.swift; path = GUUsersViewController.swift; sourceTree = "<group>"; };
		10FAD9061CAAC1EA00BAAD5D /* Base */ = {isa = PBXFileReference; lastKnownFileType = file.storyboard; name = Base; path = Base.lproj/Main.storyboard; sourceTree = "<group>"; };
		10FAD9081CAAC1EA00BAAD5D /* Assets.xcassets */ = {isa = PBXFileReference; lastKnownFileType = folder.assetcatalog; path = Assets.xcassets; sourceTree = "<group>"; };
		10FAD90B1CAAC1EA00BAAD5D /* Base */ = {isa = PBXFileReference; lastKnownFileType = file.storyboard; name = Base; path = Base.lproj/LaunchScreen.storyboard; sourceTree = "<group>"; };
		10FAD90D1CAAC1EA00BAAD5D /* Info.plist */ = {isa = PBXFileReference; lastKnownFileType = text.plist.xml; path = Info.plist; sourceTree = "<group>"; };
		10FAD9141CAAC34C00BAAD5D /* GUGetUsersOperation.swift */ = {isa = PBXFileReference; fileEncoding = 4; lastKnownFileType = sourcecode.swift; name = GUGetUsersOperation.swift; path = Operations/GUGetUsersOperation.swift; sourceTree = "<group>"; };
		10FAD9151CAAC34C00BAAD5D /* GUNetworkOperation.swift */ = {isa = PBXFileReference; fileEncoding = 4; lastKnownFileType = sourcecode.swift; name = GUNetworkOperation.swift; path = Operations/GUNetworkOperation.swift; sourceTree = "<group>"; };
		10FAD9161CAAC34C00BAAD5D /* GUOperation.swift */ = {isa = PBXFileReference; fileEncoding = 4; lastKnownFileType = sourcecode.swift; name = GUOperation.swift; path = Operations/GUOperation.swift; sourceTree = "<group>"; };
		10FAD9171CAAC34C00BAAD5D /* GUApiOperation.swift */ = {isa = PBXFileReference; fileEncoding = 4; lastKnownFileType = sourcecode.swift; name = GUApiOperation.swift; path = Operations/GUApiOperation.swift; sourceTree = "<group>"; };
		10FAD91F1CAAC63800BAAD5D /* GUActivityIndicatorManager.swift */ = {isa = PBXFileReference; fileEncoding = 4; lastKnownFileType = sourcecode.swift; name = GUActivityIndicatorManager.swift; path = Utils/GUActivityIndicatorManager.swift; sourceTree = "<group>"; };
		10FAD9201CAAC63800BAAD5D /* GUImageCache.swift */ = {isa = PBXFileReference; fileEncoding = 4; lastKnownFileType = sourcecode.swift; name = GUImageCache.swift; path = Utils/GUImageCache.swift; sourceTree = "<group>"; };
		10FAD9241CAAD2CA00BAAD5D /* NSError+GitUsers.swift */ = {isa = PBXFileReference; fileEncoding = 4; lastKnownFileType = sourcecode.swift; name = "NSError+GitUsers.swift"; path = "Extensions/NSError+GitUsers.swift"; sourceTree = "<group>"; };
		10FAD9271CAAD76200BAAD5D /* GUUser.swift */ = {isa = PBXFileReference; fileEncoding = 4; lastKnownFileType = sourcecode.swift; name = GUUser.swift; path = Model/GUUser.swift; sourceTree = "<group>"; };
		10FAD9291CAADA0D00BAAD5D /* GUGetImageOperation.swift */ = {isa = PBXFileReference; fileEncoding = 4; lastKnownFileType = sourcecode.swift; name = GUGetImageOperation.swift; path = Operations/GUGetImageOperation.swift; sourceTree = "<group>"; };
		10FAD92B1CABF03100BAAD5D /* GULoadingCell.swift */ = {isa = PBXFileReference; fileEncoding = 4; lastKnownFileType = sourcecode.swift; path = GULoadingCell.swift; sourceTree = "<group>"; };
		10FAD92C1CABF03100BAAD5D /* GUUserCell.swift */ = {isa = PBXFileReference; fileEncoding = 4; lastKnownFileType = sourcecode.swift; path = GUUserCell.swift; sourceTree = "<group>"; };
/* End PBXFileReference section */

/* Begin PBXFrameworksBuildPhase section */
		10FAD8FB1CAAC1EA00BAAD5D /* Frameworks */ = {
			isa = PBXFrameworksBuildPhase;
			buildActionMask = 2147483647;
			files = (
			);
			runOnlyForDeploymentPostprocessing = 0;
		};
/* End PBXFrameworksBuildPhase section */

/* Begin PBXGroup section */
		10FAD8F51CAAC1EA00BAAD5D = {
			isa = PBXGroup;
			children = (
				10FAD9001CAAC1EA00BAAD5D /* GitUsersTest */,
				10FAD8FF1CAAC1EA00BAAD5D /* Products */,
			);
			sourceTree = "<group>";
		};
		10FAD8FF1CAAC1EA00BAAD5D /* Products */ = {
			isa = PBXGroup;
			children = (
				10FAD8FE1CAAC1EA00BAAD5D /* GitUsersTest.app */,
			);
			name = Products;
			sourceTree = "<group>";
		};
		10FAD9001CAAC1EA00BAAD5D /* GitUsersTest */ = {
			isa = PBXGroup;
			children = (
				10FAD9011CAAC1EA00BAAD5D /* AppDelegate.swift */,
				10FAD9031CAAC1EA00BAAD5D /* GUUsersViewController.swift */,
				10FAD92B1CABF03100BAAD5D /* GULoadingCell.swift */,
				10FAD92C1CABF03100BAAD5D /* GUUserCell.swift */,
				10FAD9261CAAD72500BAAD5D /* Model */,
				10FAD9131CAAC33B00BAAD5D /* Operations */,
				10FAD91E1CAAC62600BAAD5D /* Utils */,
				10FAD9231CAAD2B200BAAD5D /* Extensions */,
				10FAD9051CAAC1EA00BAAD5D /* Main.storyboard */,
				10FAD9081CAAC1EA00BAAD5D /* Assets.xcassets */,
				10FAD90A1CAAC1EA00BAAD5D /* LaunchScreen.storyboard */,
				10FAD90D1CAAC1EA00BAAD5D /* Info.plist */,
			);
			path = GitUsersTest;
			sourceTree = "<group>";
		};
		10FAD9131CAAC33B00BAAD5D /* Operations */ = {
			isa = PBXGroup;
			children = (
				10FAD9161CAAC34C00BAAD5D /* GUOperation.swift */,
				10FAD9151CAAC34C00BAAD5D /* GUNetworkOperation.swift */,
				10FAD9171CAAC34C00BAAD5D /* GUApiOperation.swift */,
				10FAD9141CAAC34C00BAAD5D /* GUGetUsersOperation.swift */,
				10FAD9291CAADA0D00BAAD5D /* GUGetImageOperation.swift */,
			);
			name = Operations;
			sourceTree = "<group>";
		};
		10FAD91E1CAAC62600BAAD5D /* Utils */ = {
			isa = PBXGroup;
			children = (
				10FAD91F1CAAC63800BAAD5D /* GUActivityIndicatorManager.swift */,
				10FAD9201CAAC63800BAAD5D /* GUImageCache.swift */,
			);
			name = Utils;
			sourceTree = "<group>";
		};
		10FAD9231CAAD2B200BAAD5D /* Extensions */ = {
			isa = PBXGroup;
			children = (
				10FAD9241CAAD2CA00BAAD5D /* NSError+GitUsers.swift */,
			);
			name = Extensions;
			sourceTree = "<group>";
		};
		10FAD9261CAAD72500BAAD5D /* Model */ = {
			isa = PBXGroup;
			children = (
				10FAD9271CAAD76200BAAD5D /* GUUser.swift */,
			);
			name = Model;
			sourceTree = "<group>";
		};
/* End PBXGroup section */

/* Begin PBXNativeTarget section */
		10FAD8FD1CAAC1EA00BAAD5D /* GitUsersTest */ = {
			isa = PBXNativeTarget;
			buildConfigurationList = 10FAD9101CAAC1EA00BAAD5D /* Build configuration list for PBXNativeTarget "GitUsersTest" */;
			buildPhases = (
				10FAD8FA1CAAC1EA00BAAD5D /* Sources */,
				10FAD8FB1CAAC1EA00BAAD5D /* Frameworks */,
				10FAD8FC1CAAC1EA00BAAD5D /* Resources */,
			);
			buildRules = (
			);
			dependencies = (
			);
			name = GitUsersTest;
			productName = GitUsersTest;
			productReference = 10FAD8FE1CAAC1EA00BAAD5D /* GitUsersTest.app */;
			productType = "com.apple.product-type.application";
		};
/* End PBXNativeTarget section */

/* Begin PBXProject section */
		10FAD8F61CAAC1EA00BAAD5D /* Project object */ = {
			isa = PBXProject;
			attributes = {
				LastSwiftUpdateCheck = 0730;
				LastUpgradeCheck = 0730;
				ORGANIZATIONNAME = "Viktor Iarovyi";
				TargetAttributes = {
					10FAD8FD1CAAC1EA00BAAD5D = {
						CreatedOnToolsVersion = 7.3;
						DevelopmentTeam = 2X82L36G6P;
					};
				};
			};
			buildConfigurationList = 10FAD8F91CAAC1EA00BAAD5D /* Build configuration list for PBXProject "GitUsersTest" */;
			compatibilityVersion = "Xcode 3.2";
			developmentRegion = English;
			hasScannedForEncodings = 0;
			knownRegions = (
				en,
				Base,
			);
			mainGroup = 10FAD8F51CAAC1EA00BAAD5D;
			productRefGroup = 10FAD8FF1CAAC1EA00BAAD5D /* Products */;
			projectDirPath = "";
			projectRoot = "";
			targets = (
				10FAD8FD1CAAC1EA00BAAD5D /* GitUsersTest */,
			);
		};
/* End PBXProject section */

/* Begin PBXResourcesBuildPhase section */
		10FAD8FC1CAAC1EA00BAAD5D /* Resources */ = {
			isa = PBXResourcesBuildPhase;
			buildActionMask = 2147483647;
			files = (
				10FAD90C1CAAC1EA00BAAD5D /* LaunchScreen.storyboard in Resources */,
				10FAD9091CAAC1EA00BAAD5D /* Assets.xcassets in Resources */,
				10FAD9071CAAC1EA00BAAD5D /* Main.storyboard in Resources */,
			);
			runOnlyForDeploymentPostprocessing = 0;
		};
/* End PBXResourcesBuildPhase section */

/* Begin PBXSourcesBuildPhase section */
		10FAD8FA1CAAC1EA00BAAD5D /* Sources */ = {
			isa = PBXSourcesBuildPhase;
			buildActionMask = 2147483647;
			files = (
				10FAD9221CAAC63800BAAD5D /* GUImageCache.swift in Sources */,
				10FAD9281CAAD76200BAAD5D /* GUUser.swift in Sources */,
				10FAD91A1CAAC34C00BAAD5D /* GUOperation.swift in Sources */,
				10FAD9251CAAD2CA00BAAD5D /* NSError+GitUsers.swift in Sources */,
				10FAD92D1CABF03100BAAD5D /* GULoadingCell.swift in Sources */,
				10FAD9191CAAC34C00BAAD5D /* GUNetworkOperation.swift in Sources */,
				10FAD92A1CAADA0D00BAAD5D /* GUGetImageOperation.swift in Sources */,
				10FAD9041CAAC1EA00BAAD5D /* GUUsersViewController.swift in Sources */,
				10FAD9211CAAC63800BAAD5D /* GUActivityIndicatorManager.swift in Sources */,
				10FAD9021CAAC1EA00BAAD5D /* AppDelegate.swift in Sources */,
				10FAD92E1CABF03100BAAD5D /* GUUserCell.swift in Sources */,
				10FAD91B1CAAC34C00BAAD5D /* GUApiOperation.swift in Sources */,
				10FAD9181CAAC34C00BAAD5D /* GUGetUsersOperation.swift in Sources */,
			);
			runOnlyForDeploymentPostprocessing = 0;
		};
/* End PBXSourcesBuildPhase section */

/* Begin PBXVariantGroup section */
		10FAD9051CAAC1EA00BAAD5D /* Main.storyboard */ = {
			isa = PBXVariantGroup;
			children = (
				10FAD9061CAAC1EA00BAAD5D /* Base */,
			);
			name = Main.storyboard;
			sourceTree = "<group>";
		};
		10FAD90A1CAAC1EA00BAAD5D /* LaunchScreen.storyboard */ = {
			isa = PBXVariantGroup;
			children = (
				10FAD90B1CAAC1EA00BAAD5D /* Base */,
			);
			name = LaunchScreen.storyboard;
			sourceTree = "<group>";
		};
/* End PBXVariantGroup section */

/* Begin XCBuildConfiguration section */
		10FAD90E1CAAC1EA00BAAD5D /* Debug */ = {
			isa = XCBuildConfiguration;
			buildSettings = {
				ALWAYS_SEARCH_USER_PATHS = NO;
				CLANG_ANALYZER_NONNULL = YES;
				CLANG_CXX_LANGUAGE_STANDARD = "gnu++0x";
				CLANG_CXX_LIBRARY = "libc++";
				CLANG_ENABLE_MODULES = YES;
				CLANG_ENABLE_OBJC_ARC = YES;
				CLANG_WARN_BOOL_CONVERSION = YES;
				CLANG_WARN_CONSTANT_CONVERSION = YES;
				CLANG_WARN_DIRECT_OBJC_ISA_USAGE = YES_ERROR;
				CLANG_WARN_EMPTY_BODY = YES;
				CLANG_WARN_ENUM_CONVERSION = YES;
				CLANG_WARN_INT_CONVERSION = YES;
				CLANG_WARN_OBJC_ROOT_CLASS = YES_ERROR;
				CLANG_WARN_UNREACHABLE_CODE = YES;
				CLANG_WARN__DUPLICATE_METHOD_MATCH = YES;
				"CODE_SIGN_IDENTITY[sdk=iphoneos*]" = "iPhone Developer";
				COPY_PHASE_STRIP = NO;
				DEBUG_INFORMATION_FORMAT = dwarf;
				ENABLE_STRICT_OBJC_MSGSEND = YES;
				ENABLE_TESTABILITY = YES;
				GCC_C_LANGUAGE_STANDARD = gnu99;
				GCC_DYNAMIC_NO_PIC = NO;
				GCC_NO_COMMON_BLOCKS = YES;
				GCC_OPTIMIZATION_LEVEL = 0;
				GCC_PREPROCESSOR_DEFINITIONS = (
					"DEBUG=1",
					"$(inherited)",
				);
				GCC_WARN_64_TO_32_BIT_CONVERSION = YES;
				GCC_WARN_ABOUT_RETURN_TYPE = YES_ERROR;
				GCC_WARN_UNDECLARED_SELECTOR = YES;
				GCC_WARN_UNINITIALIZED_AUTOS = YES_AGGRESSIVE;
				GCC_WARN_UNUSED_FUNCTION = YES;
				GCC_WARN_UNUSED_VARIABLE = YES;
				IPHONEOS_DEPLOYMENT_TARGET = 8.0;
				MTL_ENABLE_DEBUG_INFO = YES;
				ONLY_ACTIVE_ARCH = YES;
				SDKROOT = iphoneos;
				SWIFT_OPTIMIZATION_LEVEL = "-Onone";
				TARGETED_DEVICE_FAMILY = "1,2";
			};
			name = Debug;
		};
		10FAD90F1CAAC1EA00BAAD5D /* Release */ = {
			isa = XCBuildConfiguration;
			buildSettings = {
				ALWAYS_SEARCH_USER_PATHS = NO;
				CLANG_ANALYZER_NONNULL = YES;
				CLANG_CXX_LANGUAGE_STANDARD = "gnu++0x";
				CLANG_CXX_LIBRARY = "libc++";
				CLANG_ENABLE_MODULES = YES;
				CLANG_ENABLE_OBJC_ARC = YES;
				CLANG_WARN_BOOL_CONVERSION = YES;
				CLANG_WARN_CONSTANT_CONVERSION = YES;
				CLANG_WARN_DIRECT_OBJC_ISA_USAGE = YES_ERROR;
				CLANG_WARN_EMPTY_BODY = YES;
				CLANG_WARN_ENUM_CONVERSION = YES;
				CLANG_WARN_INT_CONVERSION = YES;
				CLANG_WARN_OBJC_ROOT_CLASS = YES_ERROR;
				CLANG_WARN_UNREACHABLE_CODE = YES;
				CLANG_WARN__DUPLICATE_METHOD_MATCH = YES;
				"CODE_SIGN_IDENTITY[sdk=iphoneos*]" = "iPhone Developer";
				COPY_PHASE_STRIP = NO;
				DEBUG_INFORMATION_FORMAT = "dwarf-with-dsym";
				ENABLE_NS_ASSERTIONS = NO;
				ENABLE_STRICT_OBJC_MSGSEND = YES;
				GCC_C_LANGUAGE_STANDARD = gnu99;
				GCC_NO_COMMON_BLOCKS = YES;
				GCC_WARN_64_TO_32_BIT_CONVERSION = YES;
				GCC_WARN_ABOUT_RETURN_TYPE = YES_ERROR;
				GCC_WARN_UNDECLARED_SELECTOR = YES;
				GCC_WARN_UNINITIALIZED_AUTOS = YES_AGGRESSIVE;
				GCC_WARN_UNUSED_FUNCTION = YES;
				GCC_WARN_UNUSED_VARIABLE = YES;
				IPHONEOS_DEPLOYMENT_TARGET = 8.0;
				MTL_ENABLE_DEBUG_INFO = NO;
				SDKROOT = iphoneos;
				TARGETED_DEVICE_FAMILY = "1,2";
				VALIDATE_PRODUCT = YES;
			};
			name = Release;
		};
		10FAD9111CAAC1EA00BAAD5D /* Debug */ = {
			isa = XCBuildConfiguration;
			buildSettings = {
				ASSETCATALOG_COMPILER_APPICON_NAME = AppIcon;
				CODE_SIGN_IDENTITY = "iPhone Developer";
				"CODE_SIGN_IDENTITY[sdk=iphoneos*]" = "iPhone Developer";
				INFOPLIST_FILE = GitUsersTest/Info.plist;
				LD_RUNPATH_SEARCH_PATHS = "$(inherited) @executable_path/Frameworks";
				PRODUCT_BUNDLE_IDENTIFIER = com.viktor.iarovyi.GitUsersTest;
				PRODUCT_NAME = "$(TARGET_NAME)";
				PROVISIONING_PROFILE = "";
			};
			name = Debug;
		};
		10FAD9121CAAC1EA00BAAD5D /* Release */ = {
			isa = XCBuildConfiguration;
			buildSettings = {
				ASSETCATALOG_COMPILER_APPICON_NAME = AppIcon;
				CODE_SIGN_IDENTITY = "iPhone Developer";
				"CODE_SIGN_IDENTITY[sdk=iphoneos*]" = "iPhone Developer";
				INFOPLIST_FILE = GitUsersTest/Info.plist;
				LD_RUNPATH_SEARCH_PATHS = "$(inherited) @executable_path/Frameworks";
				PRODUCT_BUNDLE_IDENTIFIER = com.viktor.iarovyi.GitUsersTest;
				PRODUCT_NAME = "$(TARGET_NAME)";
				PROVISIONING_PROFILE = "";
			};
			name = Release;
		};
/* End XCBuildConfiguration section */

/* Begin XCConfigurationList section */
		10FAD8F91CAAC1EA00BAAD5D /* Build configuration list for PBXProject "GitUsersTest" */ = {
			isa = XCConfigurationList;
			buildConfigurations = (
				10FAD90E1CAAC1EA00BAAD5D /* Debug */,
				10FAD90F1CAAC1EA00BAAD5D /* Release */,
			);
			defaultConfigurationIsVisible = 0;
			defaultConfigurationName = Release;
		};
		10FAD9101CAAC1EA00BAAD5D /* Build configuration list for PBXNativeTarget "GitUsersTest" */ = {
			isa = XCConfigurationList;
			buildConfigurations = (
				10FAD9111CAAC1EA00BAAD5D /* Debug */,
				10FAD9121CAAC1EA00BAAD5D /* Release */,
			);
			defaultConfigurationIsVisible = 0;
		};
/* End XCConfigurationList section */
	};
	rootObject = 10FAD8F61CAAC1EA00BAAD5D /* Project object */;
}
